
Microsoft Visual Studio Solution File, Format Version 12.00
# Visual Studio Version 17
VisualStudioVersion = 17.5.002.0
MinimumVisualStudioVersion = 10.0.40219.1
Project("{9A19103F-16F7-4668-BE54-9A1E7A4F7556}") = "TimGiaTriLonNhat", "TimGiaTriLonNhat.csproj", "{09EDA5F4-9305-4458-B435-3901EE050C47}"
EndProject
Global
	GlobalSection(SolutionConfigurationPlatforms) = preSolution
		Debug|Any CPU = Debug|Any CPU
		Release|Any CPU = Release|Any CPU
	EndGlobalSection
	GlobalSection(ProjectConfigurationPlatforms) = postSolution
		{09EDA5F4-9305-4458-B435-3901EE050C47}.Debug|Any CPU.ActiveCfg = Debug|Any CPU
		{09EDA5F4-9305-4458-B435-3901EE050C47}.Debug|Any CPU.Build.0 = Debug|Any CPU
		{09EDA5F4-9305-4458-B435-3901EE050C47}.Release|Any CPU.ActiveCfg = Release|Any CPU
		{09EDA5F4-9305-4458-B435-3901EE050C47}.Release|Any CPU.Build.0 = Release|Any CPU
	EndGlobalSection
	GlobalSection(SolutionProperties) = preSolution
		HideSolutionNode = FALSE
	EndGlobalSection
	GlobalSection(ExtensibilityGlobals) = postSolution
		SolutionGuid = {7A5C5D6C-23E1-42CF-B9C1-F6AB463CF5FA}
	EndGlobalSection
EndGlobal
